// !$*UTF8*$!
{
	archiveVersion = 1;
	classes = {
	};
	objectVersion = 50;
	objects = {

/* Begin PBXBuildFile section */
		D50BCC3722A3338900898950 /* Styles.swift in Sources */ = {isa = PBXBuildFile; fileRef = D50BCC3622A3338900898950 /* Styles.swift */; };
		D50BCC3922A33B9300898950 /* UIView_anchor.swift in Sources */ = {isa = PBXBuildFile; fileRef = D50BCC3822A33B9300898950 /* UIView_anchor.swift */; };
		D59365CE22A4594E0052B097 /* URLSession_tasks.swift in Sources */ = {isa = PBXBuildFile; fileRef = D59365CD22A4594E0052B097 /* URLSession_tasks.swift */; };
		D59365D222A46FFF0052B097 /* GlobalSettings.swift in Sources */ = {isa = PBXBuildFile; fileRef = D59365D122A46FFF0052B097 /* GlobalSettings.swift */; };
		D59365D422A476A40052B097 /* ResumeTest.swift in Sources */ = {isa = PBXBuildFile; fileRef = D59365D322A476A40052B097 /* ResumeTest.swift */; };
		D59365D822A479040052B097 /* ResumeViewModelTests.swift in Sources */ = {isa = PBXBuildFile; fileRef = D59365D722A479040052B097 /* ResumeViewModelTests.swift */; };
		D5BBC67122A229CD007F0ABE /* AppDelegate.swift in Sources */ = {isa = PBXBuildFile; fileRef = D5BBC67022A229CD007F0ABE /* AppDelegate.swift */; };
		D5BBC67622A229CD007F0ABE /* Main.storyboard in Resources */ = {isa = PBXBuildFile; fileRef = D5BBC67422A229CD007F0ABE /* Main.storyboard */; };
		D5BBC67822A229CE007F0ABE /* Assets.xcassets in Resources */ = {isa = PBXBuildFile; fileRef = D5BBC67722A229CE007F0ABE /* Assets.xcassets */; };
		D5BBC67B22A229CE007F0ABE /* LaunchScreen.storyboard in Resources */ = {isa = PBXBuildFile; fileRef = D5BBC67922A229CE007F0ABE /* LaunchScreen.storyboard */; };
		D5BBC68622A229CE007F0ABE /* ResumeDemoTests.swift in Sources */ = {isa = PBXBuildFile; fileRef = D5BBC68522A229CE007F0ABE /* ResumeDemoTests.swift */; };
		D5BBC69122A229E8007F0ABE /* NetworkManager.swift in Sources */ = {isa = PBXBuildFile; fileRef = D5BBC69022A229E8007F0ABE /* NetworkManager.swift */; };
		D5BBC69522A22A3A007F0ABE /* ResumeModels.swift in Sources */ = {isa = PBXBuildFile; fileRef = D5BBC69422A22A3A007F0ABE /* ResumeModels.swift */; };
		D5BBC69922A230CE007F0ABE /* resume.json in Resources */ = {isa = PBXBuildFile; fileRef = D5BBC69822A230CE007F0ABE /* resume.json */; };
		D5BBC69B22A2310C007F0ABE /* ResumeTableViewController.swift in Sources */ = {isa = PBXBuildFile; fileRef = D5BBC69A22A2310C007F0ABE /* ResumeTableViewController.swift */; };
		D5BBC69D22A2331B007F0ABE /* ResumeViewModel.swift in Sources */ = {isa = PBXBuildFile; fileRef = D5BBC69C22A2331B007F0ABE /* ResumeViewModel.swift */; };
		D5BBC6A022A235BE007F0ABE /* ExperienceTableViewCell.swift in Sources */ = {isa = PBXBuildFile; fileRef = D5BBC69F22A235BE007F0ABE /* ExperienceTableViewCell.swift */; };
		D5BBC6A222A235D6007F0ABE /* InfoHeaderView.swift in Sources */ = {isa = PBXBuildFile; fileRef = D5BBC6A122A235D6007F0ABE /* InfoHeaderView.swift */; };
		D5BBC6A422A25102007F0ABE /* UIImageViewDownload.swift in Sources */ = {isa = PBXBuildFile; fileRef = D5BBC6A322A25102007F0ABE /* UIImageViewDownload.swift */; };
/* End PBXBuildFile section */

/* Begin PBXContainerItemProxy section */
		D5BBC68222A229CE007F0ABE /* PBXContainerItemProxy */ = {
			isa = PBXContainerItemProxy;
			containerPortal = D5BBC66522A229CD007F0ABE /* Project object */;
			proxyType = 1;
			remoteGlobalIDString = D5BBC66C22A229CD007F0ABE;
			remoteInfo = ResumeDemo;
		};
/* End PBXContainerItemProxy section */

/* Begin PBXFileReference section */
		D50BCC3622A3338900898950 /* Styles.swift */ = {isa = PBXFileReference; lastKnownFileType = sourcecode.swift; path = Styles.swift; sourceTree = "<group>"; };
		D50BCC3822A33B9300898950 /* UIView_anchor.swift */ = {isa = PBXFileReference; lastKnownFileType = sourcecode.swift; path = UIView_anchor.swift; sourceTree = "<group>"; };
		D59365CD22A4594E0052B097 /* URLSession_tasks.swift */ = {isa = PBXFileReference; lastKnownFileType = sourcecode.swift; path = URLSession_tasks.swift; sourceTree = "<group>"; };
		D59365CF22A45EC40052B097 /* resume demo - description.docx */ = {isa = PBXFileReference; lastKnownFileType = file; path = "resume demo - description.docx"; sourceTree = "<group>"; };
		D59365D122A46FFF0052B097 /* GlobalSettings.swift */ = {isa = PBXFileReference; lastKnownFileType = sourcecode.swift; path = GlobalSettings.swift; sourceTree = "<group>"; };
		D59365D322A476A40052B097 /* ResumeTest.swift */ = {isa = PBXFileReference; lastKnownFileType = sourcecode.swift; path = ResumeTest.swift; sourceTree = "<group>"; };
		D59365D722A479040052B097 /* ResumeViewModelTests.swift */ = {isa = PBXFileReference; lastKnownFileType = sourcecode.swift; path = ResumeViewModelTests.swift; sourceTree = "<group>"; };
		D5BBC66D22A229CD007F0ABE /* ResumeDemo.app */ = {isa = PBXFileReference; explicitFileType = wrapper.application; includeInIndex = 0; path = ResumeDemo.app; sourceTree = BUILT_PRODUCTS_DIR; };
		D5BBC67022A229CD007F0ABE /* AppDelegate.swift */ = {isa = PBXFileReference; lastKnownFileType = sourcecode.swift; path = AppDelegate.swift; sourceTree = "<group>"; };
		D5BBC67522A229CD007F0ABE /* Base */ = {isa = PBXFileReference; lastKnownFileType = file.storyboard; name = Base; path = Base.lproj/Main.storyboard; sourceTree = "<group>"; };
		D5BBC67722A229CE007F0ABE /* Assets.xcassets */ = {isa = PBXFileReference; lastKnownFileType = folder.assetcatalog; path = Assets.xcassets; sourceTree = "<group>"; };
		D5BBC67A22A229CE007F0ABE /* Base */ = {isa = PBXFileReference; lastKnownFileType = file.storyboard; name = Base; path = Base.lproj/LaunchScreen.storyboard; sourceTree = "<group>"; };
		D5BBC67C22A229CE007F0ABE /* Info.plist */ = {isa = PBXFileReference; lastKnownFileType = text.plist.xml; path = Info.plist; sourceTree = "<group>"; };
		D5BBC68122A229CE007F0ABE /* ResumeDemoTests.xctest */ = {isa = PBXFileReference; explicitFileType = wrapper.cfbundle; includeInIndex = 0; path = ResumeDemoTests.xctest; sourceTree = BUILT_PRODUCTS_DIR; };
		D5BBC68522A229CE007F0ABE /* ResumeDemoTests.swift */ = {isa = PBXFileReference; lastKnownFileType = sourcecode.swift; path = ResumeDemoTests.swift; sourceTree = "<group>"; };
		D5BBC68722A229CE007F0ABE /* Info.plist */ = {isa = PBXFileReference; lastKnownFileType = text.plist.xml; path = Info.plist; sourceTree = "<group>"; };
		D5BBC69022A229E8007F0ABE /* NetworkManager.swift */ = {isa = PBXFileReference; lastKnownFileType = sourcecode.swift; path = NetworkManager.swift; sourceTree = "<group>"; };
		D5BBC69422A22A3A007F0ABE /* ResumeModels.swift */ = {isa = PBXFileReference; lastKnownFileType = sourcecode.swift; path = ResumeModels.swift; sourceTree = "<group>"; };
		D5BBC69822A230CE007F0ABE /* resume.json */ = {isa = PBXFileReference; lastKnownFileType = text.json; path = resume.json; sourceTree = "<group>"; };
		D5BBC69A22A2310C007F0ABE /* ResumeTableViewController.swift */ = {isa = PBXFileReference; lastKnownFileType = sourcecode.swift; path = ResumeTableViewController.swift; sourceTree = "<group>"; };
		D5BBC69C22A2331B007F0ABE /* ResumeViewModel.swift */ = {isa = PBXFileReference; lastKnownFileType = sourcecode.swift; path = ResumeViewModel.swift; sourceTree = "<group>"; };
		D5BBC69F22A235BE007F0ABE /* ExperienceTableViewCell.swift */ = {isa = PBXFileReference; lastKnownFileType = sourcecode.swift; path = ExperienceTableViewCell.swift; sourceTree = "<group>"; };
		D5BBC6A122A235D6007F0ABE /* InfoHeaderView.swift */ = {isa = PBXFileReference; lastKnownFileType = sourcecode.swift; path = InfoHeaderView.swift; sourceTree = "<group>"; };
		D5BBC6A322A25102007F0ABE /* UIImageViewDownload.swift */ = {isa = PBXFileReference; lastKnownFileType = sourcecode.swift; path = UIImageViewDownload.swift; sourceTree = "<group>"; };
/* End PBXFileReference section */

/* Begin PBXFrameworksBuildPhase section */
		D5BBC66A22A229CD007F0ABE /* Frameworks */ = {
			isa = PBXFrameworksBuildPhase;
			buildActionMask = 2147483647;
			files = (
			);
			runOnlyForDeploymentPostprocessing = 0;
		};
		D5BBC67E22A229CE007F0ABE /* Frameworks */ = {
			isa = PBXFrameworksBuildPhase;
			buildActionMask = 2147483647;
			files = (
			);
			runOnlyForDeploymentPostprocessing = 0;
		};
/* End PBXFrameworksBuildPhase section */

/* Begin PBXGroup section */
		D59365D022A461300052B097 /* Extensions */ = {
			isa = PBXGroup;
			children = (
				D50BCC3822A33B9300898950 /* UIView_anchor.swift */,
				D59365CD22A4594E0052B097 /* URLSession_tasks.swift */,
				D5BBC6A322A25102007F0ABE /* UIImageViewDownload.swift */,
			);
			name = Extensions;
			path = "New Group";
			sourceTree = "<group>";
		};
		D5BBC66422A229CD007F0ABE = {
			isa = PBXGroup;
			children = (
				D59365CF22A45EC40052B097 /* resume demo - description.docx */,
				D5BBC66F22A229CD007F0ABE /* ResumeDemo */,
				D5BBC68422A229CE007F0ABE /* ResumeDemoTests */,
				D5BBC66E22A229CD007F0ABE /* Products */,
			);
			sourceTree = "<group>";
		};
		D5BBC66E22A229CD007F0ABE /* Products */ = {
			isa = PBXGroup;
			children = (
				D5BBC66D22A229CD007F0ABE /* ResumeDemo.app */,
				D5BBC68122A229CE007F0ABE /* ResumeDemoTests.xctest */,
			);
			name = Products;
			sourceTree = "<group>";
		};
		D5BBC66F22A229CD007F0ABE /* ResumeDemo */ = {
			isa = PBXGroup;
			children = (
				D5BBC67022A229CD007F0ABE /* AppDelegate.swift */,
				D50BCC3622A3338900898950 /* Styles.swift */,
				D59365D122A46FFF0052B097 /* GlobalSettings.swift */,
				D59365D022A461300052B097 /* Extensions */,
				D5BBC69E22A235A5007F0ABE /* Resume */,
				D5BBC69222A229F4007F0ABE /* Network */,
				D5BBC67422A229CD007F0ABE /* Main.storyboard */,
				D5BBC67722A229CE007F0ABE /* Assets.xcassets */,
				D5BBC67922A229CE007F0ABE /* LaunchScreen.storyboard */,
				D5BBC67C22A229CE007F0ABE /* Info.plist */,
				D5BBC69822A230CE007F0ABE /* resume.json */,
			);
			path = ResumeDemo;
			sourceTree = "<group>";
		};
		D5BBC68422A229CE007F0ABE /* ResumeDemoTests */ = {
			isa = PBXGroup;
			children = (
				D5BBC68522A229CE007F0ABE /* ResumeDemoTests.swift */,
				D59365D322A476A40052B097 /* ResumeTest.swift */,
				D59365D722A479040052B097 /* ResumeViewModelTests.swift */,
				D5BBC68722A229CE007F0ABE /* Info.plist */,
			);
			path = ResumeDemoTests;
			sourceTree = "<group>";
		};
		D5BBC69222A229F4007F0ABE /* Network */ = {
			isa = PBXGroup;
			children = (
				D5BBC69322A229FB007F0ABE /* Models */,
				D5BBC69022A229E8007F0ABE /* NetworkManager.swift */,
			);
			path = Network;
			sourceTree = "<group>";
		};
		D5BBC69322A229FB007F0ABE /* Models */ = {
			isa = PBXGroup;
			children = (
				D5BBC69422A22A3A007F0ABE /* ResumeModels.swift */,
			);
			path = Models;
			sourceTree = "<group>";
		};
		D5BBC69E22A235A5007F0ABE /* Resume */ = {
			isa = PBXGroup;
			children = (
				D5BBC69A22A2310C007F0ABE /* ResumeTableViewController.swift */,
				D5BBC69C22A2331B007F0ABE /* ResumeViewModel.swift */,
				D5BBC6A122A235D6007F0ABE /* InfoHeaderView.swift */,
				D5BBC69F22A235BE007F0ABE /* ExperienceTableViewCell.swift */,
			);
			path = Resume;
			sourceTree = "<group>";
		};
/* End PBXGroup section */

/* Begin PBXNativeTarget section */
		D5BBC66C22A229CD007F0ABE /* ResumeDemo */ = {
			isa = PBXNativeTarget;
			buildConfigurationList = D5BBC68A22A229CE007F0ABE /* Build configuration list for PBXNativeTarget "ResumeDemo" */;
			buildPhases = (
				D5BBC66922A229CD007F0ABE /* Sources */,
				D5BBC66A22A229CD007F0ABE /* Frameworks */,
				D5BBC66B22A229CD007F0ABE /* Resources */,
			);
			buildRules = (
			);
			dependencies = (
			);
			name = ResumeDemo;
			productName = ResumeDemo;
			productReference = D5BBC66D22A229CD007F0ABE /* ResumeDemo.app */;
			productType = "com.apple.product-type.application";
		};
		D5BBC68022A229CE007F0ABE /* ResumeDemoTests */ = {
			isa = PBXNativeTarget;
			buildConfigurationList = D5BBC68D22A229CE007F0ABE /* Build configuration list for PBXNativeTarget "ResumeDemoTests" */;
			buildPhases = (
				D5BBC67D22A229CE007F0ABE /* Sources */,
				D5BBC67E22A229CE007F0ABE /* Frameworks */,
				D5BBC67F22A229CE007F0ABE /* Resources */,
			);
			buildRules = (
			);
			dependencies = (
				D5BBC68322A229CE007F0ABE /* PBXTargetDependency */,
			);
			name = ResumeDemoTests;
			productName = ResumeDemoTests;
			productReference = D5BBC68122A229CE007F0ABE /* ResumeDemoTests.xctest */;
			productType = "com.apple.product-type.bundle.unit-test";
		};
/* End PBXNativeTarget section */

/* Begin PBXProject section */
		D5BBC66522A229CD007F0ABE /* Project object */ = {
			isa = PBXProject;
			attributes = {
				LastSwiftUpdateCheck = 1010;
				LastUpgradeCheck = 1010;
				ORGANIZATIONNAME = "Evgeny Yagrushkin";
				TargetAttributes = {
					D5BBC66C22A229CD007F0ABE = {
						CreatedOnToolsVersion = 10.1;
					};
					D5BBC68022A229CE007F0ABE = {
						CreatedOnToolsVersion = 10.1;
						TestTargetID = D5BBC66C22A229CD007F0ABE;
					};
				};
			};
			buildConfigurationList = D5BBC66822A229CD007F0ABE /* Build configuration list for PBXProject "ResumeDemo" */;
			compatibilityVersion = "Xcode 9.3";
			developmentRegion = en;
			hasScannedForEncodings = 0;
			knownRegions = (
				en,
				Base,
			);
			mainGroup = D5BBC66422A229CD007F0ABE;
			productRefGroup = D5BBC66E22A229CD007F0ABE /* Products */;
			projectDirPath = "";
			projectRoot = "";
			targets = (
				D5BBC66C22A229CD007F0ABE /* ResumeDemo */,
				D5BBC68022A229CE007F0ABE /* ResumeDemoTests */,
			);
		};
/* End PBXProject section */

/* Begin PBXResourcesBuildPhase section */
		D5BBC66B22A229CD007F0ABE /* Resources */ = {
			isa = PBXResourcesBuildPhase;
			buildActionMask = 2147483647;
			files = (
				D5BBC69922A230CE007F0ABE /* resume.json in Resources */,
				D5BBC67B22A229CE007F0ABE /* LaunchScreen.storyboard in Resources */,
				D5BBC67822A229CE007F0ABE /* Assets.xcassets in Resources */,
				D5BBC67622A229CD007F0ABE /* Main.storyboard in Resources */,
			);
			runOnlyForDeploymentPostprocessing = 0;
		};
		D5BBC67F22A229CE007F0ABE /* Resources */ = {
			isa = PBXResourcesBuildPhase;
			buildActionMask = 2147483647;
			files = (
			);
			runOnlyForDeploymentPostprocessing = 0;
		};
/* End PBXResourcesBuildPhase section */

/* Begin PBXSourcesBuildPhase section */
		D5BBC66922A229CD007F0ABE /* Sources */ = {
			isa = PBXSourcesBuildPhase;
			buildActionMask = 2147483647;
			files = (
				D59365CE22A4594E0052B097 /* URLSession_tasks.swift in Sources */,
				D50BCC3722A3338900898950 /* Styles.swift in Sources */,
				D5BBC6A422A25102007F0ABE /* UIImageViewDownload.swift in Sources */,
				D5BBC69122A229E8007F0ABE /* NetworkManager.swift in Sources */,
				D50BCC3922A33B9300898950 /* UIView_anchor.swift in Sources */,
				D59365D222A46FFF0052B097 /* GlobalSettings.swift in Sources */,
				D5BBC69B22A2310C007F0ABE /* ResumeTableViewController.swift in Sources */,
				D5BBC69D22A2331B007F0ABE /* ResumeViewModel.swift in Sources */,
				D5BBC6A222A235D6007F0ABE /* InfoHeaderView.swift in Sources */,
				D5BBC69522A22A3A007F0ABE /* ResumeModels.swift in Sources */,
				D5BBC67122A229CD007F0ABE /* AppDelegate.swift in Sources */,
				D5BBC6A022A235BE007F0ABE /* ExperienceTableViewCell.swift in Sources */,
			);
			runOnlyForDeploymentPostprocessing = 0;
		};
		D5BBC67D22A229CE007F0ABE /* Sources */ = {
			isa = PBXSourcesBuildPhase;
			buildActionMask = 2147483647;
			files = (
				D59365D822A479040052B097 /* ResumeViewModelTests.swift in Sources */,
				D59365D422A476A40052B097 /* ResumeTest.swift in Sources */,
				D5BBC68622A229CE007F0ABE /* ResumeDemoTests.swift in Sources */,
			);
			runOnlyForDeploymentPostprocessing = 0;
		};
/* End PBXSourcesBuildPhase section */

/* Begin PBXTargetDependency section */
		D5BBC68322A229CE007F0ABE /* PBXTargetDependency */ = {
			isa = PBXTargetDependency;
			target = D5BBC66C22A229CD007F0ABE /* ResumeDemo */;
			targetProxy = D5BBC68222A229CE007F0ABE /* PBXContainerItemProxy */;
		};
/* End PBXTargetDependency section */

/* Begin PBXVariantGroup section */
		D5BBC67422A229CD007F0ABE /* Main.storyboard */ = {
			isa = PBXVariantGroup;
			children = (
				D5BBC67522A229CD007F0ABE /* Base */,
			);
			name = Main.storyboard;
			sourceTree = "<group>";
		};
		D5BBC67922A229CE007F0ABE /* LaunchScreen.storyboard */ = {
			isa = PBXVariantGroup;
			children = (
				D5BBC67A22A229CE007F0ABE /* Base */,
			);
			name = LaunchScreen.storyboard;
			sourceTree = "<group>";
		};
/* End PBXVariantGroup section */

/* Begin XCBuildConfiguration section */
		D5BBC68822A229CE007F0ABE /* Debug */ = {
			isa = XCBuildConfiguration;
			buildSettings = {
				ALWAYS_SEARCH_USER_PATHS = NO;
				CLANG_ANALYZER_NONNULL = YES;
				CLANG_ANALYZER_NUMBER_OBJECT_CONVERSION = YES_AGGRESSIVE;
				CLANG_CXX_LANGUAGE_STANDARD = "gnu++14";
				CLANG_CXX_LIBRARY = "libc++";
				CLANG_ENABLE_MODULES = YES;
				CLANG_ENABLE_OBJC_ARC = YES;
				CLANG_ENABLE_OBJC_WEAK = YES;
				CLANG_WARN_BLOCK_CAPTURE_AUTORELEASING = YES;
				CLANG_WARN_BOOL_CONVERSION = YES;
				CLANG_WARN_COMMA = YES;
				CLANG_WARN_CONSTANT_CONVERSION = YES;
				CLANG_WARN_DEPRECATED_OBJC_IMPLEMENTATIONS = YES;
				CLANG_WARN_DIRECT_OBJC_ISA_USAGE = YES_ERROR;
				CLANG_WARN_DOCUMENTATION_COMMENTS = YES;
				CLANG_WARN_EMPTY_BODY = YES;
				CLANG_WARN_ENUM_CONVERSION = YES;
				CLANG_WARN_INFINITE_RECURSION = YES;
				CLANG_WARN_INT_CONVERSION = YES;
				CLANG_WARN_NON_LITERAL_NULL_CONVERSION = YES;
				CLANG_WARN_OBJC_IMPLICIT_RETAIN_SELF = YES;
				CLANG_WARN_OBJC_LITERAL_CONVERSION = YES;
				CLANG_WARN_OBJC_ROOT_CLASS = YES_ERROR;
				CLANG_WARN_RANGE_LOOP_ANALYSIS = YES;
				CLANG_WARN_STRICT_PROTOTYPES = YES;
				CLANG_WARN_SUSPICIOUS_MOVE = YES;
				CLANG_WARN_UNGUARDED_AVAILABILITY = YES_AGGRESSIVE;
				CLANG_WARN_UNREACHABLE_CODE = YES;
				CLANG_WARN__DUPLICATE_METHOD_MATCH = YES;
				CODE_SIGN_IDENTITY = "iPhone Developer";
				COPY_PHASE_STRIP = NO;
				DEBUG_INFORMATION_FORMAT = dwarf;
				ENABLE_STRICT_OBJC_MSGSEND = YES;
				ENABLE_TESTABILITY = YES;
				GCC_C_LANGUAGE_STANDARD = gnu11;
				GCC_DYNAMIC_NO_PIC = NO;
				GCC_NO_COMMON_BLOCKS = YES;
				GCC_OPTIMIZATION_LEVEL = 0;
				GCC_PREPROCESSOR_DEFINITIONS = (
					"DEBUG=1",
					"$(inherited)",
				);
				GCC_WARN_64_TO_32_BIT_CONVERSION = YES;
				GCC_WARN_ABOUT_RETURN_TYPE = YES_ERROR;
				GCC_WARN_UNDECLARED_SELECTOR = YES;
				GCC_WARN_UNINITIALIZED_AUTOS = YES_AGGRESSIVE;
				GCC_WARN_UNUSED_FUNCTION = YES;
				GCC_WARN_UNUSED_VARIABLE = YES;
				IPHONEOS_DEPLOYMENT_TARGET = 12.1;
				MTL_ENABLE_DEBUG_INFO = INCLUDE_SOURCE;
				MTL_FAST_MATH = YES;
				ONLY_ACTIVE_ARCH = YES;
				SDKROOT = iphoneos;
				SWIFT_ACTIVE_COMPILATION_CONDITIONS = DEBUG;
				SWIFT_OPTIMIZATION_LEVEL = "-Onone";
			};
			name = Debug;
		};
		D5BBC68922A229CE007F0ABE /* Release */ = {
			isa = XCBuildConfiguration;
			buildSettings = {
				ALWAYS_SEARCH_USER_PATHS = NO;
				CLANG_ANALYZER_NONNULL = YES;
				CLANG_ANALYZER_NUMBER_OBJECT_CONVERSION = YES_AGGRESSIVE;
				CLANG_CXX_LANGUAGE_STANDARD = "gnu++14";
				CLANG_CXX_LIBRARY = "libc++";
				CLANG_ENABLE_MODULES = YES;
				CLANG_ENABLE_OBJC_ARC = YES;
				CLANG_ENABLE_OBJC_WEAK = YES;
				CLANG_WARN_BLOCK_CAPTURE_AUTORELEASING = YES;
				CLANG_WARN_BOOL_CONVERSION = YES;
				CLANG_WARN_COMMA = YES;
				CLANG_WARN_CONSTANT_CONVERSION = YES;
				CLANG_WARN_DEPRECATED_OBJC_IMPLEMENTATIONS = YES;
				CLANG_WARN_DIRECT_OBJC_ISA_USAGE = YES_ERROR;
				CLANG_WARN_DOCUMENTATION_COMMENTS = YES;
				CLANG_WARN_EMPTY_BODY = YES;
				CLANG_WARN_ENUM_CONVERSION = YES;
				CLANG_WARN_INFINITE_RECURSION = YES;
				CLANG_WARN_INT_CONVERSION = YES;
				CLANG_WARN_NON_LITERAL_NULL_CONVERSION = YES;
				CLANG_WARN_OBJC_IMPLICIT_RETAIN_SELF = YES;
				CLANG_WARN_OBJC_LITERAL_CONVERSION = YES;
				CLANG_WARN_OBJC_ROOT_CLASS = YES_ERROR;
				CLANG_WARN_RANGE_LOOP_ANALYSIS = YES;
				CLANG_WARN_STRICT_PROTOTYPES = YES;
				CLANG_WARN_SUSPICIOUS_MOVE = YES;
				CLANG_WARN_UNGUARDED_AVAILABILITY = YES_AGGRESSIVE;
				CLANG_WARN_UNREACHABLE_CODE = YES;
				CLANG_WARN__DUPLICATE_METHOD_MATCH = YES;
				CODE_SIGN_IDENTITY = "iPhone Developer";
				COPY_PHASE_STRIP = NO;
				DEBUG_INFORMATION_FORMAT = "dwarf-with-dsym";
				ENABLE_NS_ASSERTIONS = NO;
				ENABLE_STRICT_OBJC_MSGSEND = YES;
				GCC_C_LANGUAGE_STANDARD = gnu11;
				GCC_NO_COMMON_BLOCKS = YES;
				GCC_WARN_64_TO_32_BIT_CONVERSION = YES;
				GCC_WARN_ABOUT_RETURN_TYPE = YES_ERROR;
				GCC_WARN_UNDECLARED_SELECTOR = YES;
				GCC_WARN_UNINITIALIZED_AUTOS = YES_AGGRESSIVE;
				GCC_WARN_UNUSED_FUNCTION = YES;
				GCC_WARN_UNUSED_VARIABLE = YES;
				IPHONEOS_DEPLOYMENT_TARGET = 12.1;
				MTL_ENABLE_DEBUG_INFO = NO;
				MTL_FAST_MATH = YES;
				SDKROOT = iphoneos;
				SWIFT_COMPILATION_MODE = wholemodule;
				SWIFT_OPTIMIZATION_LEVEL = "-O";
				VALIDATE_PRODUCT = YES;
			};
			name = Release;
		};
		D5BBC68B22A229CE007F0ABE /* Debug */ = {
			isa = XCBuildConfiguration;
			buildSettings = {
				ASSETCATALOG_COMPILER_APPICON_NAME = AppIcon;
				CODE_SIGN_STYLE = Automatic;
				DEVELOPMENT_TEAM = SKJCUF8GFH;
				INFOPLIST_FILE = ResumeDemo/Info.plist;
				LD_RUNPATH_SEARCH_PATHS = (
					"$(inherited)",
					"@executable_path/Frameworks",
				);
				PRODUCT_BUNDLE_IDENTIFIER = com.yagrushkin.ResumeDemo;
				PRODUCT_NAME = "$(TARGET_NAME)";
				SWIFT_VERSION = 4.2;
				TARGETED_DEVICE_FAMILY = "1,2";
			};
			name = Debug;
		};
		D5BBC68C22A229CE007F0ABE /* Release */ = {
			isa = XCBuildConfiguration;
			buildSettings = {
				ASSETCATALOG_COMPILER_APPICON_NAME = AppIcon;
				CODE_SIGN_STYLE = Automatic;
				DEVELOPMENT_TEAM = SKJCUF8GFH;
				INFOPLIST_FILE = ResumeDemo/Info.plist;
				LD_RUNPATH_SEARCH_PATHS = (
					"$(inherited)",
					"@executable_path/Frameworks",
				);
				PRODUCT_BUNDLE_IDENTIFIER = com.yagrushkin.ResumeDemo;
				PRODUCT_NAME = "$(TARGET_NAME)";
				SWIFT_VERSION = 4.2;
				TARGETED_DEVICE_FAMILY = "1,2";
			};
			name = Release;
		};
		D5BBC68E22A229CE007F0ABE /* Debug */ = {
			isa = XCBuildConfiguration;
			buildSettings = {
				ALWAYS_EMBED_SWIFT_STANDARD_LIBRARIES = YES;
				BUNDLE_LOADER = "$(TEST_HOST)";
				CODE_SIGN_STYLE = Automatic;
				DEVELOPMENT_TEAM = SKJCUF8GFH;
				INFOPLIST_FILE = ResumeDemoTests/Info.plist;
				LD_RUNPATH_SEARCH_PATHS = (
					"$(inherited)",
					"@executable_path/Frameworks",
					"@loader_path/Frameworks",
				);
				PRODUCT_BUNDLE_IDENTIFIER = com.yagrushkin.ResumeDemoTests;
				PRODUCT_NAME = "$(TARGET_NAME)";
				SWIFT_VERSION = 4.2;
				TARGETED_DEVICE_FAMILY = "1,2";
				TEST_HOST = "$(BUILT_PRODUCTS_DIR)/ResumeDemo.app/ResumeDemo";
			};
			name = Debug;
		};
		D5BBC68F22A229CE007F0ABE /* Release */ = {
			isa = XCBuildConfiguration;
			buildSettings = {
				ALWAYS_EMBED_SWIFT_STANDARD_LIBRARIES = YES;
				BUNDLE_LOADER = "$(TEST_HOST)";
				CODE_SIGN_STYLE = Automatic;
				DEVELOPMENT_TEAM = SKJCUF8GFH;
				INFOPLIST_FILE = ResumeDemoTests/Info.plist;
				LD_RUNPATH_SEARCH_PATHS = (
					"$(inherited)",
					"@executable_path/Frameworks",
					"@loader_path/Frameworks",
				);
				PRODUCT_BUNDLE_IDENTIFIER = com.yagrushkin.ResumeDemoTests;
				PRODUCT_NAME = "$(TARGET_NAME)";
				SWIFT_VERSION = 4.2;
				TARGETED_DEVICE_FAMILY = "1,2";
				TEST_HOST = "$(BUILT_PRODUCTS_DIR)/ResumeDemo.app/ResumeDemo";
			};
			name = Release;
		};
/* End XCBuildConfiguration section */

/* Begin XCConfigurationList section */
		D5BBC66822A229CD007F0ABE /* Build configuration list for PBXProject "ResumeDemo" */ = {
			isa = XCConfigurationList;
			buildConfigurations = (
				D5BBC68822A229CE007F0ABE /* Debug */,
				D5BBC68922A229CE007F0ABE /* Release */,
			);
			defaultConfigurationIsVisible = 0;
			defaultConfigurationName = Release;
		};
		D5BBC68A22A229CE007F0ABE /* Build configuration list for PBXNativeTarget "ResumeDemo" */ = {
			isa = XCConfigurationList;
			buildConfigurations = (
				D5BBC68B22A229CE007F0ABE /* Debug */,
				D5BBC68C22A229CE007F0ABE /* Release */,
			);
			defaultConfigurationIsVisible = 0;
			defaultConfigurationName = Release;
		};
		D5BBC68D22A229CE007F0ABE /* Build configuration list for PBXNativeTarget "ResumeDemoTests" */ = {
			isa = XCConfigurationList;
			buildConfigurations = (
				D5BBC68E22A229CE007F0ABE /* Debug */,
				D5BBC68F22A229CE007F0ABE /* Release */,
			);
			defaultConfigurationIsVisible = 0;
			defaultConfigurationName = Release;
		};
/* End XCConfigurationList section */
	};
	rootObject = D5BBC66522A229CD007F0ABE /* Project object */;
}
